version = 1
revision = 3
requires-python = ">=3.10"

[[package]]
name = "directory-sizes"
source = { editable = "." }
dependencies = [
    { name = "pyqt6" },
]

[package.metadata]
requires-dist = [{ name = "pyqt6", specifier = "==6.9.1" }]

[[package]]
name = "pyqt6"
version = "6.9.1"
source = { registry = "https://pypi.org/simple" }
dependencies = [
    { name = "pyqt6-qt6" },
    { name = "pyqt6-sip" },
]
sdist = { url = "https://files.pythonhosted.org/packages/32/1b/567f46eb43ca961efd38d7a0b73efb70d7342854f075fd919179fdb2a571/pyqt6-6.9.1.tar.gz", hash = "sha256:50642be03fb40f1c2111a09a1f5a0f79813e039c15e78267e6faaf8a96c1c3a6", size = 1067230, upload-time = "2025-06-06T08:49:30.307Z" }
wheels = [
    { url = "https://files.pythonhosted.org/packages/18/c4/fc2a69cf3df09b213185ef5a677c3940cd20e7855d29e40061a685b9c6ee/pyqt6-6.9.1-cp39-abi3-macosx_10_14_universal2.whl", hash = "sha256:33c23d28f6608747ecc8bfd04c8795f61631af9db4fb1e6c2a7523ec4cc916d9", size = 59770566, upload-time = "2025-06-06T08:48:20.331Z" },
    { url = "https://files.pythonhosted.org/packages/d5/78/92f3c46440a83ebe22ae614bd6792e7b052bcb58ff128f677f5662015184/pyqt6-6.9.1-cp39-abi3-manylinux_2_28_x86_64.whl", hash = "sha256:37884df27f774e2e1c0c96fa41e817a222329b80ffc6241725b0dc8c110acb35", size = 37804959, upload-time = "2025-06-06T08:48:39.587Z" },
    { url = "https://files.pythonhosted.org/packages/5a/5e/e77fa2761d809cd08d724f44af01a4b6ceb0ff9648e43173187b0e4fac4e/pyqt6-6.9.1-cp39-abi3-manylinux_2_39_aarch64.whl", hash = "sha256:055870b703c1a49ca621f8a89e2ec4d848e6c739d39367eb9687af3b056d9aa3", size = 40414608, upload-time = "2025-06-06T08:49:00.26Z" },
    { url = "https://files.pythonhosted.org/packages/c4/09/69cf80456b6a985e06dd24ed0c2d3451e43567bf2807a5f3a86ef7a74a2e/pyqt6-6.9.1-cp39-abi3-win_amd64.whl", hash = "sha256:15b95bd273bb6288b070ed7a9503d5ff377aa4882dd6d175f07cad28cdb21da0", size = 25717996, upload-time = "2025-06-06T08:49:13.208Z" },
    { url = "https://files.pythonhosted.org/packages/52/b3/0839d8fd18b86362a4de384740f2f6b6885b5d06fda7720f8a335425e316/pyqt6-6.9.1-cp39-abi3-win_arm64.whl", hash = "sha256:08792c72d130a02e3248a120f0b9bbb4bf4319095f92865bc5b365b00518f53d", size = 25212132, upload-time = "2025-06-06T08:49:27.41Z" },
]

[[package]]
name = "pyqt6-qt6"
version = "6.9.2"
source = { registry = "https://pypi.org/simple" }
wheels = [
    { url = "https://files.pythonhosted.org/packages/14/6f/fe2cd9cb2201c685be2f50c8c915df97848cac3dca4bad44bc3aed56fc63/pyqt6_qt6-6.9.2-py3-none-macosx_10_14_x86_64.whl", hash = "sha256:183b62be49216da80c7df1931d74885610a88f74812489d29610d13b7c215a1c", size = 66568266, upload-time = "2025-09-01T11:43:31.339Z" },
    { url = "https://files.pythonhosted.org/packages/db/1d/47dc51b4383b350f4ff6b1db461b01eba580030683ffa65475b4fdd9b80d/pyqt6_qt6-6.9.2-py3-none-macosx_11_0_arm64.whl", hash = "sha256:7897fb74ee21bdc87b5ccf84e94f4a551377e792fd180a9211c17eb41c3338a3", size = 60859706, upload-time = "2025-09-01T11:43:36.624Z" },
    { url = "https://files.pythonhosted.org/packages/a8/07/21f7dc188e35b46631707f3b40ace5643a0e03a8e1e446854826d08a04ae/pyqt6_qt6-6.9.2-py3-none-manylinux_2_28_x86_64.whl", hash = "sha256:9abfc0ee4a8293a6442128ae3f87f68e82e2a949d7b9caabd98c86ba5679ab48", size = 82322871, upload-time = "2025-09-01T11:43:41.685Z" },
    { url = "https://files.pythonhosted.org/packages/0c/c0/da658e735817feaa35ddfddb4c5d699291e8b8e3138e69ad7ae1a38a7db8/pyqt6_qt6-6.9.2-py3-none-manylinux_2_39_aarch64.whl", hash = "sha256:940aac6462532578e8ddefe0494cd17e33a85e0f3cfb21c612f56ab9ad7bc871", size = 80826693, upload-time = "2025-09-01T11:43:46.823Z" },
    { url = "https://files.pythonhosted.org/packages/63/3a/d811ed1aa579b93ab56188d1371b05eacb4188599d83e72b761263a10f92/pyqt6_qt6-6.9.2-py3-none-win_amd64.whl", hash = "sha256:f9289768039bef4a63e5949b7f8cfbbddc3b6d24bd58c21ba0f2921bed8d1c08", size = 74147171, upload-time = "2025-09-01T11:43:53.468Z" },
    { url = "https://files.pythonhosted.org/packages/57/59/7db6c5ddcb60ef3ecca2040274a30e8bc35b569c49e25e1cf2ef9f159426/pyqt6_qt6-6.9.2-py3-none-win_arm64.whl", hash = "sha256:8f82944ef68c8f8c78aa8eca4832c7bc05116c6de00a3bad8af5a0d63d1caafb", size = 54534019, upload-time = "2025-09-01T11:43:58.763Z" },
]

[[package]]
name = "pyqt6-sip"
version = "13.11.1"
source = { registry = "https://pypi.org/simple" }
sdist = { url = "https://files.pythonhosted.org/packages/90/24/a753e1af94b9ae5b2da63d4598457308da3cdbf0838c959381db086ccc86/pyqt6_sip-13.11.1.tar.gz", hash = "sha256:869c5b48afe38e55b1ee0dd72182b0886e968cc509b98023ff50010b013ce1be", size = 92574, upload-time = "2026-03-09T13:01:35.418Z" }
wheels = [
    { url = "https://files.pythonhosted.org/packages/10/5b/99ffdc6382fcd3bc9da24a024ce2ba61e93c9d92ca85f99f381f2e2c8cac/pyqt6_sip-13.11.1-cp310-cp310-macosx_10_9_universal2.whl", hash = "sha256:a2456a8a68de43f400ffd13f7f8728713434ded374e45fa7754afb9e087b2421", size = 110999, upload-time = "2026-03-09T13:01:01.107Z" },
    { url = "https://files.pythonhosted.org/packages/48/ed/1dbe26f5757ad19601b260cebba0b40c0d868639e3253b26f80e8a1cd9f8/pyqt6_sip-13.11.1-cp310-cp310-manylinux1_x86_64.manylinux_2_5_x86_64.whl", hash = "sha256:7a1b08421967e68a821d3ea97fcdc8413671aec817a0dc46b844ab4bb2ebab66", size = 280567, upload-time = "2026-03-09T13:01:04.616Z" },
    { url = "https://files.pythonhosted.org/packages/ef/30/cded90fa556be3f6836c44bab5dd06b47664a20ffb47e7fdfa9538d7c5db/pyqt6_sip-13.11.1-cp310-cp310-manylinux_2_17_aarch64.manylinux2014_aarch64.whl", hash = "sha256:dd8be768799be1a29857ea0125b1d365021a8a014c1d746f0df6b7ba0400edef", size = 304088, upload-time = "2026-03-09T13:01:02.89Z" },
    { url = "https://files.pythonhosted.org/packages/ee/bb/05665db5d674c557562ec47e5703823e37c4bc943f7b3466c730a0fdeb15/pyqt6_sip-13.11.1-cp310-cp310-win_amd64.whl", hash = "sha256:7677fa1d0e3f933838e5dd8e03ebd6cd4dfc994c9e9b24e8aabd1b3ccecb2430", size = 54032, upload-time = "2026-03-09T13:01:06.316Z" },
    { url = "https://files.pythonhosted.org/packages/46/fa/049879f61888462099dcbab495ad16df770cca2432330cca0767ab8e87cb/pyqt6_sip-13.11.1-cp311-cp311-macosx_10_9_universal2.whl", hash = "sha256:c0ec2128c174db352bec1c8d23a437e970e8d5a78ac50315d8dfc671fcf7a7da", size = 111056, upload-time = "2026-03-09T13:01:07.998Z" },
    { url = "https://files.pythonhosted.org/packages/d5/0d/6ee861c53f3f7e6c5dd34a441d17aad1dfb3d50ce1f1a024cc9194ac3db3/pyqt6_sip-13.11.1-cp311-cp311-manylinux1_x86_64.manylinux_2_5_x86_64.whl", hash = "sha256:6aa6c15ad3a9bb86e69119baff77b4ac17c47e55ee567abff616a4652051a6cc", size = 289930, upload-time = "2026-03-09T13:01:11.122Z" },
    { url = "https://files.pythonhosted.org/packages/ca/39/c975733d7204a594e6ae51d3a810aad539d09718aa3ceeb0dd28cb3276bd/pyqt6_sip-13.11.1-cp311-cp311-manylinux_2_17_aarch64.manylinux2014_aarch64.whl", hash = "sha256:0ee652b272373c4f9287625ef32ad4ec1f0755c24928dc958a870b7a928b288c", size = 315827, upload-time = "2026-03-09T13:01:09.48Z" },
    { url = "https://files.pythonhosted.org/packages/4a/d6/c40e8ae38a6e2bce9e837b64688f55746bfdad1aa557eb733fb5e90edd7c/pyqt6_sip-13.11.1-cp311-cp311-win_amd64.whl", hash = "sha256:98db8ed37cf08130e1ee74b8ff47a6bfb8c3cdfe826310597a630a50e47feedc", size = 54029, upload-time = "2026-03-09T13:01:12.261Z" },
    { url = "https://files.pythonhosted.org/packages/fb/63/ec8c21ef9edffb55af42c637325d72eca4ea90a73ab714aaa1429c757e85/pyqt6_sip-13.11.1-cp311-cp311-win_arm64.whl", hash = "sha256:3af7a49dce4c35c5464309232c81cc1da5ec6074f46d2957831ee4031b8eefa6", size = 48458, upload-time = "2026-03-09T13:01:13.689Z" },
    { url = "https://files.pythonhosted.org/packages/46/27/47598e701d284497216bf97bf8b6a69f5e61412e716c232ff2b7e6cb2100/pyqt6_sip-13.11.1-cp312-cp312-macosx_10_9_universal2.whl", hash = "sha256:ba9d362dd1e54b43bc2594f8841e1e39d24789716d28f08e5c9282af9fca342c", size = 112564, upload-time = "2026-03-09T13:01:14.628Z" },
    { url = "https://files.pythonhosted.org/packages/95/cb/116f9b328636765f3bce97d9e10ec041c54bbe92beb0617edb86c2b615c1/pyqt6_sip-13.11.1-cp312-cp312-manylinux1_x86_64.manylinux_2_5_x86_64.whl", hash = "sha256:0df15849946cea969d3ff2b24b76149262b6044aea2c5403e4f70c24c973a4c8", size = 299564, upload-time = "2026-03-09T13:01:17.292Z" },
    { url = "https://files.pythonhosted.org/packages/1b/be/fe2321285e8f683e705d199dbb458131f1850dc5966155a19c40100c85bb/pyqt6_sip-13.11.1-cp312-cp312-manylinux_2_17_aarch64.manylinux2014_aarch64.whl", hash = "sha256:c52b2b27fc77d9447a8dc1c6de1aaccc22d41e48697aafb2f2f20b8984bb02a5", size = 321210, upload-time = "2026-03-09T13:01:15.904Z" },
    { url = "https://files.pythonhosted.org/packages/ec/9b/7d4b10f9cba1b6f581dfb4860b9d11898da55a5ed3b8a6e7a1bf9f7084d0/pyqt6_sip-13.11.1-cp312-cp312-win_amd64.whl", hash = "sha256:1d1c67179c1924b28e3d7f04585639e7a7c0946f62390efc6ccf2a6206e595d3", size = 53351, upload-time = "2026-03-09T13:01:19.327Z" },
    { url = "https://files.pythonhosted.org/packages/06/72/6c4e6f21cafa4bed40d2b0c1563525b0d8bfcb5734493696f4cfd043b45f/pyqt6_sip-13.11.1-cp312-cp312-win_arm64.whl", hash = "sha256:d83543125fe9fdb153e7e446c3b4d056d80ab5953644660633ab3f80e7784194", size = 48746, upload-time = "2026-03-09T13:01:20.248Z" },
    { url = "https://files.pythonhosted.org/packages/ee/0b/dc76c463c203e630b2c6417d4d5e337e919a265ac1c10127ef413551f5de/pyqt6_sip-13.11.1-cp313-cp313-macosx_10_13_universal2.whl", hash = "sha256:0c6d097aae7df312519e2b36e001bd796f6a2ce060ab8b9ed793daa8f407fe2e", size = 112552, upload-time = "2026-03-09T13:01:21.493Z" },
    { url = "https://files.pythonhosted.org/packages/d4/e3/65b605759859d38231ce7544065d4c61f891eb7766c351318e2a0b08a473/pyqt6_sip-13.11.1-cp313-cp313-manylinux1_x86_64.manylinux_2_5_x86_64.whl", hash = "sha256:a72f4ebdab16a8a484019ff593de90d8013d3286b678c6ba1c0bdb117f4fcb13", size = 299932, upload-time = "2026-03-09T13:01:24.912Z" },
    { url = "https://files.pythonhosted.org/packages/60/f7/c10d2dd5bf503a1de83bd163467bd323f12af016866c2814743b5b1efe1c/pyqt6_sip-13.11.1-cp313-cp313-manylinux_2_17_aarch64.manylinux2014_aarch64.whl", hash = "sha256:b68e442efc4275651bf63f2c43713e242924fd948909e31cf8f20d783ca505e9", size = 321497, upload-time = "2026-03-09T13:01:22.724Z" },
    { url = "https://files.pythonhosted.org/packages/e1/1f/e7e5ad77a76c00db5c8c1b9960f2b0672ec1978b971bb3509858cd7a9458/pyqt6_sip-13.11.1-cp313-cp313-win_amd64.whl", hash = "sha256:ca24bfd4d5d8274e338433df9ac41930650088c00018d3313c6bd8de21772a02", size = 53371, upload-time = "2026-03-09T13:01:26.286Z" },
    { url = "https://files.pythonhosted.org/packages/36/ef/a7acaf44980aed6fe26f1320e265db528fecb6a47ac67829c7cd011e9821/pyqt6_sip-13.11.1-cp313-cp313-win_arm64.whl", hash = "sha256:f532144c43f2fddcccf2e25df50cdb4a744edb4ce4ba5ed2d0f2cef825197f2f", size = 48745, upload-time = "2026-03-09T13:01:27.212Z" },
    { url = "https://files.pythonhosted.org/packages/20/1d/62c633faedef5bb3b8c7486a72e8a6466adaa2a14efcfccf85bb23426748/pyqt6_sip-13.11.1-cp314-cp314-macosx_10_15_universal2.whl", hash = "sha256:cb931c1af45294bbe8039c5cfda184e3023f5dc766fc884964010eedd8fd85db", size = 112678, upload-time = "2026-03-09T13:01:28.15Z" },
    { url = "https://files.pythonhosted.org/packages/03/72/5a3d9ffef0caa7e1bc7a35d6300f6099bfccd1d8a485b4320ba20013a2d9/pyqt6_sip-13.11.1-cp314-cp314-manylinux1_x86_64.manylinux_2_5_x86_64.whl", hash = "sha256:353d613129316e9f7eda6bbe821deb7b7ffa14483499189171fd8a246873f9ac", size = 299560, upload-time = "2026-03-09T13:01:32.134Z" },
    { url = "https://files.pythonhosted.org/packages/98/f4/886f901f1e04da717a11e180ba19a9c7fc62da170966d57206006f173bda/pyqt6_sip-13.11.1-cp314-cp314-manylinux_2_17_aarch64.manylinux2014_aarch64.whl", hash = "sha256:fcadd68e09ee24cdda8f8bfcba52e59c9b297055d2c450f0eb89afa61a8dc31a", size = 321846, upload-time = "2026-03-09T13:01:29.817Z" },
    { url = "https://files.pythonhosted.org/packages/96/f2/b68fd566f7f86dbb53d933489e70487cabaea0e0161690e4899653bbc7fb/pyqt6_sip-13.11.1-cp314-cp314-win_amd64.whl", hash = "sha256:581e287bf42587593b88b30d9db06ed0fccbf40f345a5bd3ec3f00a5692e2430", size = 55055, upload-time = "2026-03-09T13:01:33.467Z" },
    { url = "https://files.pythonhosted.org/packages/8d/42/efb7ced69f7d1d31eb8f19b2d778aeb182be7e070569d02b9057ac478e3e/pyqt6_sip-13.11.1-cp314-cp314-win_arm64.whl", hash = "sha256:42b62530a9b6a9c6e29c2941b8ab78258652da0aeae4eb1fc9a0631d19a7a7b2", size = 49597, upload-time = "2026-03-09T13:01:34.49Z" },
]
